
Microsoft Visual Studio Solution File, Format Version 12.00
Project("{FAE04EC0-301F-11D3-BF4B-00C04F79EFBC}") = "GatewayServer", "GatewayServer.csproj", "{785F9BDD-8B3C-4742-B721-AD9CF1376AFE}"
EndProject
Global
	GlobalSection(SolutionConfigurationPlatforms) = preSolution
		Debug|Any CPU = Debug|Any CPU
		Release|Any CPU = Release|Any CPU
	EndGlobalSection
	GlobalSection(ProjectConfigurationPlatforms) = postSolution
		{785F9BDD-8B3C-4742-B721-AD9CF1376AFE}.Debug|Any CPU.ActiveCfg = Debug|Any CPU
		{785F9BDD-8B3C-4742-B721-AD9CF1376AFE}.Debug|Any CPU.Build.0 = Debug|Any CPU
		{785F9BDD-8B3C-4742-B721-AD9CF1376AFE}.Release|Any CPU.ActiveCfg = Release|Any CPU
		{785F9BDD-8B3C-4742-B721-AD9CF1376AFE}.Release|Any CPU.Build.0 = Release|Any CPU
	EndGlobalSection
EndGlobal
